
Microsoft Visual Studio Solution File, Format Version 12.00
# Visual Studio Version 17
VisualStudioVersion = 17.0.31903.59
MinimumVisualStudioVersion = 10.0.40219.1
Project("{9A19103F-16F7-4668-BE54-9A1E7A4F7556}") = "Biblioteca.API", "Biblioteca.API\Biblioteca.API.csproj", "{AE7B292E-1F83-4E3C-A755-9DD08EF9FDD9}"
EndProject
Project("{9A19103F-16F7-4668-BE54-9A1E7A4F7556}") = "Biblioteca.Pages", "Biblioteca.Pages\Biblioteca.Pages.csproj", "{EF2E23C8-99ED-4101-A076-8B6619E996D3}"
EndProject
Global
	GlobalSection(SolutionConfigurationPlatforms) = preSolution
		Debug|Any CPU = Debug|Any CPU
		Release|Any CPU = Release|Any CPU
	EndGlobalSection
	GlobalSection(ProjectConfigurationPlatforms) = postSolution
		{AE7B292E-1F83-4E3C-A755-9DD08EF9FDD9}.Debug|Any CPU.ActiveCfg = Debug|Any CPU
		{AE7B292E-1F83-4E3C-A755-9DD08EF9FDD9}.Debug|Any CPU.Build.0 = Debug|Any CPU
		{AE7B292E-1F83-4E3C-A755-9DD08EF9FDD9}.Release|Any CPU.ActiveCfg = Release|Any CPU
		{AE7B292E-1F83-4E3C-A755-9DD08EF9FDD9}.Release|Any CPU.Build.0 = Release|Any CPU
		{EF2E23C8-99ED-4101-A076-8B6619E996D3}.Debug|Any CPU.ActiveCfg = Debug|Any CPU
		{EF2E23C8-99ED-4101-A076-8B6619E996D3}.Debug|Any CPU.Build.0 = Debug|Any CPU
		{EF2E23C8-99ED-4101-A076-8B6619E996D3}.Release|Any CPU.ActiveCfg = Release|Any CPU
		{EF2E23C8-99ED-4101-A076-8B6619E996D3}.Release|Any CPU.Build.0 = Release|Any CPU
	EndGlobalSection
	GlobalSection(SolutionProperties) = preSolution
		HideSolutionNode = FALSE
	EndGlobalSection
EndGlobal
